
Microsoft Visual Studio Solution File, Format Version 12.00
# Visual Studio 15
VisualStudioVersion = 15.0.28307.572
MinimumVisualStudioVersion = 10.0.40219.1
Project("{F184B08F-C81C-45F6-A57F-5ABD9991F28F}") = "AmgTouch", "AmgTouch.vbproj", "{5E0EAD48-AAE6-44AC-93F5-F091188BFE77}"
EndProject
Project("{54435603-DBB4-11D2-8724-00A0C9A8B90C}") = "AmgTouchSetup", "..\AmgTouchSetup\AmgTouchSetup.vdproj", "{6CA2CF74-D920-4897-8AFA-A39968E20B96}"
EndProject
Global
	GlobalSection(SolutionConfigurationPlatforms) = preSolution
		Debug|Any CPU = Debug|Any CPU
		Debug|x86 = Debug|x86
		Release|Any CPU = Release|Any CPU
		Release|x86 = Release|x86
	EndGlobalSection
	GlobalSection(ProjectConfigurationPlatforms) = postSolution
		{5E0EAD48-AAE6-44AC-93F5-F091188BFE77}.Debug|Any CPU.ActiveCfg = Debug|Any CPU
		{5E0EAD48-AAE6-44AC-93F5-F091188BFE77}.Debug|Any CPU.Build.0 = Debug|Any CPU
		{5E0EAD48-AAE6-44AC-93F5-F091188BFE77}.Debug|x86.ActiveCfg = Release|x86
		{5E0EAD48-AAE6-44AC-93F5-F091188BFE77}.Debug|x86.Build.0 = Release|x86
		{5E0EAD48-AAE6-44AC-93F5-F091188BFE77}.Release|Any CPU.ActiveCfg = Release|Any CPU
		{5E0EAD48-AAE6-44AC-93F5-F091188BFE77}.Release|Any CPU.Build.0 = Release|Any CPU
		{5E0EAD48-AAE6-44AC-93F5-F091188BFE77}.Release|x86.ActiveCfg = Release|x86
		{5E0EAD48-AAE6-44AC-93F5-F091188BFE77}.Release|x86.Build.0 = Release|x86
		{6CA2CF74-D920-4897-8AFA-A39968E20B96}.Debug|Any CPU.ActiveCfg = Debug
		{6CA2CF74-D920-4897-8AFA-A39968E20B96}.Debug|x86.ActiveCfg = Release
		{6CA2CF74-D920-4897-8AFA-A39968E20B96}.Debug|x86.Build.0 = Release
		{6CA2CF74-D920-4897-8AFA-A39968E20B96}.Release|Any CPU.ActiveCfg = Release
		{6CA2CF74-D920-4897-8AFA-A39968E20B96}.Release|x86.ActiveCfg = Release
		{6CA2CF74-D920-4897-8AFA-A39968E20B96}.Release|x86.Build.0 = Release
	EndGlobalSection
	GlobalSection(SolutionProperties) = preSolution
		HideSolutionNode = FALSE
	EndGlobalSection
	GlobalSection(ExtensibilityGlobals) = postSolution
		SolutionGuid = {22EA36D5-E654-4491-9AD7-45CD84F92A35}
	EndGlobalSection
EndGlobal
